{
  "requires": true,
  "lockfileVersion": 1,
  "dependencies": {
    "phoenix_live_view": {
      "version": "0.14.0",
      "resolved": "https://registry.npmjs.org/phoenix_live_view/-/phoenix_live_view-0.14.0.tgz",
      "integrity": "sha512-/LYYec5GULPtMP5Z4b3PoYslxs4UxeGe+YRTh4VXvvGtXnK+KXDtZwFQDVa/Pwl+iFJZhZ7M3xPzhyiPBFU04w=="
    }
  }
}
